
Microsoft Visual Studio Solution File, Format Version 12.00
# Visual Studio Version 17
VisualStudioVersion = 17.0.31903.59
MinimumVisualStudioVersion = 10.0.40219.1
Project("{FAE04EC0-301F-11D3-BF4B-00C04F79EFBC}") = "Ioc", "Ioc\Ioc.csproj", "{43B1C38A-61EC-45C9-B508-40D5AAC86E41}"
EndProject
Project("{FAE04EC0-301F-11D3-BF4B-00C04F79EFBC}") = "Ecommerce.Domain", "Domain\Ecommerce.Domain.csproj", "{9DE299E6-2982-4044-A1C0-F1B17DF5234E}"
EndProject
Project("{FAE04EC0-301F-11D3-BF4B-00C04F79EFBC}") = "Application", "Application\Application.csproj", "{F9FB1FAA-9EA6-471A-89E6-0A3E3C17938F}"
EndProject
Project("{FAE04EC0-301F-11D3-BF4B-00C04F79EFBC}") = "Infrastructure", "Infrastructure\Infrastructure.csproj", "{0FFF990C-115D-455D-8332-3BF10702550B}"
EndProject
Project("{FAE04EC0-301F-11D3-BF4B-00C04F79EFBC}") = "Tests", "Tests\Tests.csproj", "{8C98ECAE-B238-4E89-89F6-6AC5F81DB066}"
EndProject
Project("{FAE04EC0-301F-11D3-BF4B-00C04F79EFBC}") = "MeuProjetoMVC", "MeuProjetoMVC\MeuProjetoMVC.csproj", "{AC82F2F0-826C-4F56-AFFF-90259F440F80}"
EndProject
Global
	GlobalSection(SolutionConfigurationPlatforms) = preSolution
		Debug|Any CPU = Debug|Any CPU
		Release|Any CPU = Release|Any CPU
	EndGlobalSection
	GlobalSection(SolutionProperties) = preSolution
		HideSolutionNode = FALSE
	EndGlobalSection
	GlobalSection(ProjectConfigurationPlatforms) = postSolution
		{43B1C38A-61EC-45C9-B508-40D5AAC86E41}.Debug|Any CPU.ActiveCfg = Debug|Any CPU
		{43B1C38A-61EC-45C9-B508-40D5AAC86E41}.Debug|Any CPU.Build.0 = Debug|Any CPU
		{43B1C38A-61EC-45C9-B508-40D5AAC86E41}.Release|Any CPU.ActiveCfg = Release|Any CPU
		{43B1C38A-61EC-45C9-B508-40D5AAC86E41}.Release|Any CPU.Build.0 = Release|Any CPU
		{9DE299E6-2982-4044-A1C0-F1B17DF5234E}.Debug|Any CPU.ActiveCfg = Debug|Any CPU
		{9DE299E6-2982-4044-A1C0-F1B17DF5234E}.Debug|Any CPU.Build.0 = Debug|Any CPU
		{9DE299E6-2982-4044-A1C0-F1B17DF5234E}.Release|Any CPU.ActiveCfg = Release|Any CPU
		{9DE299E6-2982-4044-A1C0-F1B17DF5234E}.Release|Any CPU.Build.0 = Release|Any CPU
		{F9FB1FAA-9EA6-471A-89E6-0A3E3C17938F}.Debug|Any CPU.ActiveCfg = Debug|Any CPU
		{F9FB1FAA-9EA6-471A-89E6-0A3E3C17938F}.Debug|Any CPU.Build.0 = Debug|Any CPU
		{F9FB1FAA-9EA6-471A-89E6-0A3E3C17938F}.Release|Any CPU.ActiveCfg = Release|Any CPU
		{F9FB1FAA-9EA6-471A-89E6-0A3E3C17938F}.Release|Any CPU.Build.0 = Release|Any CPU
		{0FFF990C-115D-455D-8332-3BF10702550B}.Debug|Any CPU.ActiveCfg = Debug|Any CPU
		{0FFF990C-115D-455D-8332-3BF10702550B}.Debug|Any CPU.Build.0 = Debug|Any CPU
		{0FFF990C-115D-455D-8332-3BF10702550B}.Release|Any CPU.ActiveCfg = Release|Any CPU
		{0FFF990C-115D-455D-8332-3BF10702550B}.Release|Any CPU.Build.0 = Release|Any CPU
		{8C98ECAE-B238-4E89-89F6-6AC5F81DB066}.Debug|Any CPU.ActiveCfg = Debug|Any CPU
		{8C98ECAE-B238-4E89-89F6-6AC5F81DB066}.Debug|Any CPU.Build.0 = Debug|Any CPU
		{8C98ECAE-B238-4E89-89F6-6AC5F81DB066}.Release|Any CPU.ActiveCfg = Release|Any CPU
		{8C98ECAE-B238-4E89-89F6-6AC5F81DB066}.Release|Any CPU.Build.0 = Release|Any CPU
		{AC82F2F0-826C-4F56-AFFF-90259F440F80}.Debug|Any CPU.ActiveCfg = Debug|Any CPU
		{AC82F2F0-826C-4F56-AFFF-90259F440F80}.Debug|Any CPU.Build.0 = Debug|Any CPU
		{AC82F2F0-826C-4F56-AFFF-90259F440F80}.Release|Any CPU.ActiveCfg = Release|Any CPU
		{AC82F2F0-826C-4F56-AFFF-90259F440F80}.Release|Any CPU.Build.0 = Release|Any CPU
	EndGlobalSection
EndGlobal
